
Microsoft Visual Studio Solution File, Format Version 12.00
# Visual Studio Version 16
VisualStudioVersion = 16.0.30711.63
MinimumVisualStudioVersion = 10.0.40219.1
Project("{9A19103F-16F7-4668-BE54-9A1E7A4F7556}") = "Store.WebApp", "Store.WebApp\Store.WebApp.csproj", "{C7393F78-9B17-42B4-964C-AF8B69D0EAA7}"
EndProject
Project("{9A19103F-16F7-4668-BE54-9A1E7A4F7556}") = "Store.DataModel", "Store.DataModel\Store.DataModel.csproj", "{B89D3317-E6A8-495A-8000-E25E4DA95F9F}"
EndProject
Project("{FAE04EC0-301F-11D3-BF4B-00C04F79EFBC}") = "Store.Library", "Library\Store.Library.csproj", "{F14D1F73-7342-4181-86A2-9243E5363B51}"
EndProject
Global
	GlobalSection(SolutionConfigurationPlatforms) = preSolution
		Debug|Any CPU = Debug|Any CPU
		Release|Any CPU = Release|Any CPU
	EndGlobalSection
	GlobalSection(ProjectConfigurationPlatforms) = postSolution
		{C7393F78-9B17-42B4-964C-AF8B69D0EAA7}.Debug|Any CPU.ActiveCfg = Debug|Any CPU
		{C7393F78-9B17-42B4-964C-AF8B69D0EAA7}.Debug|Any CPU.Build.0 = Debug|Any CPU
		{C7393F78-9B17-42B4-964C-AF8B69D0EAA7}.Release|Any CPU.ActiveCfg = Release|Any CPU
		{C7393F78-9B17-42B4-964C-AF8B69D0EAA7}.Release|Any CPU.Build.0 = Release|Any CPU
		{B89D3317-E6A8-495A-8000-E25E4DA95F9F}.Debug|Any CPU.ActiveCfg = Debug|Any CPU
		{B89D3317-E6A8-495A-8000-E25E4DA95F9F}.Debug|Any CPU.Build.0 = Debug|Any CPU
		{B89D3317-E6A8-495A-8000-E25E4DA95F9F}.Release|Any CPU.ActiveCfg = Release|Any CPU
		{B89D3317-E6A8-495A-8000-E25E4DA95F9F}.Release|Any CPU.Build.0 = Release|Any CPU
		{F14D1F73-7342-4181-86A2-9243E5363B51}.Debug|Any CPU.ActiveCfg = Debug|Any CPU
		{F14D1F73-7342-4181-86A2-9243E5363B51}.Debug|Any CPU.Build.0 = Debug|Any CPU
		{F14D1F73-7342-4181-86A2-9243E5363B51}.Release|Any CPU.ActiveCfg = Release|Any CPU
		{F14D1F73-7342-4181-86A2-9243E5363B51}.Release|Any CPU.Build.0 = Release|Any CPU
	EndGlobalSection
	GlobalSection(SolutionProperties) = preSolution
		HideSolutionNode = FALSE
	EndGlobalSection
	GlobalSection(ExtensibilityGlobals) = postSolution
		SolutionGuid = {537371A9-0D9A-4A79-93FD-B99128CB4CE7}
	EndGlobalSection
EndGlobal
